// !$*UTF8*$!
{
	archiveVersion = 1;
	classes = {
	};
	objectVersion = 46;
	objects = {

/* Begin PBXBuildFile section */
		22B89ACB1E69127C00891DF2 /* main.m in Sources */ = {isa = PBXBuildFile; fileRef = 22B89ACA1E69127C00891DF2 /* main.m */; };
		22B89ACE1E69127C00891DF2 /* AppDelegate.m in Sources */ = {isa = PBXBuildFile; fileRef = 22B89ACD1E69127C00891DF2 /* AppDelegate.m */; };
		22B89AD11E69127C00891DF2 /* ViewController.m in Sources */ = {isa = PBXBuildFile; fileRef = 22B89AD01E69127C00891DF2 /* ViewController.m */; };
		22B89AD41E69127C00891DF2 /* Main.storyboard in Resources */ = {isa = PBXBuildFile; fileRef = 22B89AD21E69127C00891DF2 /* Main.storyboard */; };
		22B89AD61E69127C00891DF2 /* Assets.xcassets in Resources */ = {isa = PBXBuildFile; fileRef = 22B89AD51E69127C00891DF2 /* Assets.xcassets */; };
		22B89AD91E69127C00891DF2 /* LaunchScreen.storyboard in Resources */ = {isa = PBXBuildFile; fileRef = 22B89AD71E69127C00891DF2 /* LaunchScreen.storyboard */; };
		22B89AE31E69151000891DF2 /* p1.jpg in Resources */ = {isa = PBXBuildFile; fileRef = 22B89AE01E69151000891DF2 /* p1.jpg */; };
		22B89AE41E69151000891DF2 /* p2.jpg in Resources */ = {isa = PBXBuildFile; fileRef = 22B89AE11E69151000891DF2 /* p2.jpg */; };
		22B89AE51E69151000891DF2 /* p3.jpg in Resources */ = {isa = PBXBuildFile; fileRef = 22B89AE21E69151000891DF2 /* p3.jpg */; };
		22B89B131E69160C00891DF2 /* MKAnnotationView+WebCache.m in Sources */ = {isa = PBXBuildFile; fileRef = 22B89AEB1E69160C00891DF2 /* MKAnnotationView+WebCache.m */; };
		22B89B141E69160C00891DF2 /* NSData+ImageContentType.m in Sources */ = {isa = PBXBuildFile; fileRef = 22B89AED1E69160C00891DF2 /* NSData+ImageContentType.m */; };
		22B89B151E69160C00891DF2 /* NSImage+WebCache.m in Sources */ = {isa = PBXBuildFile; fileRef = 22B89AEF1E69160C00891DF2 /* NSImage+WebCache.m */; };
		22B89B161E69160C00891DF2 /* SDImageCache.m in Sources */ = {isa = PBXBuildFile; fileRef = 22B89AF11E69160C00891DF2 /* SDImageCache.m */; };
		22B89B171E69160C00891DF2 /* SDImageCacheConfig.m in Sources */ = {isa = PBXBuildFile; fileRef = 22B89AF31E69160C00891DF2 /* SDImageCacheConfig.m */; };
		22B89B181E69160C00891DF2 /* SDWebImageCompat.m in Sources */ = {isa = PBXBuildFile; fileRef = 22B89AF61E69160C00891DF2 /* SDWebImageCompat.m */; };
		22B89B191E69160C00891DF2 /* SDWebImageDecoder.m in Sources */ = {isa = PBXBuildFile; fileRef = 22B89AF81E69160C00891DF2 /* SDWebImageDecoder.m */; };
		22B89B1A1E69160C00891DF2 /* SDWebImageDownloader.m in Sources */ = {isa = PBXBuildFile; fileRef = 22B89AFA1E69160C00891DF2 /* SDWebImageDownloader.m */; };
		22B89B1B1E69160C00891DF2 /* SDWebImageDownloaderOperation.m in Sources */ = {isa = PBXBuildFile; fileRef = 22B89AFC1E69160C00891DF2 /* SDWebImageDownloaderOperation.m */; };
		22B89B1C1E69160C00891DF2 /* SDWebImageManager.m in Sources */ = {isa = PBXBuildFile; fileRef = 22B89AFE1E69160C00891DF2 /* SDWebImageManager.m */; };
		22B89B1D1E69160C00891DF2 /* SDWebImagePrefetcher.m in Sources */ = {isa = PBXBuildFile; fileRef = 22B89B011E69160C00891DF2 /* SDWebImagePrefetcher.m */; };
		22B89B1E1E69160C00891DF2 /* UIButton+WebCache.m in Sources */ = {isa = PBXBuildFile; fileRef = 22B89B031E69160C00891DF2 /* UIButton+WebCache.m */; };
		22B89B1F1E69160C00891DF2 /* UIImage+GIF.m in Sources */ = {isa = PBXBuildFile; fileRef = 22B89B051E69160C00891DF2 /* UIImage+GIF.m */; };
		22B89B201E69160C00891DF2 /* UIImage+MultiFormat.m in Sources */ = {isa = PBXBuildFile; fileRef = 22B89B071E69160C00891DF2 /* UIImage+MultiFormat.m */; };
		22B89B211E69160C00891DF2 /* UIImage+WebP.m in Sources */ = {isa = PBXBuildFile; fileRef = 22B89B091E69160C00891DF2 /* UIImage+WebP.m */; };
		22B89B221E69160C00891DF2 /* UIImageView+HighlightedWebCache.m in Sources */ = {isa = PBXBuildFile; fileRef = 22B89B0B1E69160C00891DF2 /* UIImageView+HighlightedWebCache.m */; };
		22B89B231E69160C00891DF2 /* UIImageView+WebCache.m in Sources */ = {isa = PBXBuildFile; fileRef = 22B89B0D1E69160C00891DF2 /* UIImageView+WebCache.m */; };
		22B89B241E69160C00891DF2 /* UIView+WebCache.m in Sources */ = {isa = PBXBuildFile; fileRef = 22B89B0F1E69160C00891DF2 /* UIView+WebCache.m */; };
		22B89B251E69160C00891DF2 /* UIView+WebCacheOperation.m in Sources */ = {isa = PBXBuildFile; fileRef = 22B89B111E69160C00891DF2 /* UIView+WebCacheOperation.m */; };
		22B89B291E69164700891DF2 /* RunView.m in Sources */ = {isa = PBXBuildFile; fileRef = 22B89B281E69164700891DF2 /* RunView.m */; };
		22B89B2C1E6916A200891DF2 /* NSTimer+Additions.m in Sources */ = {isa = PBXBuildFile; fileRef = 22B89B2B1E6916A200891DF2 /* NSTimer+Additions.m */; };
/* End PBXBuildFile section */

/* Begin PBXFileReference section */
		22B89AC61E69127C00891DF2 /* RunView.app */ = {isa = PBXFileReference; explicitFileType = wrapper.application; includeInIndex = 0; path = RunView.app; sourceTree = BUILT_PRODUCTS_DIR; };
		22B89ACA1E69127C00891DF2 /* main.m */ = {isa = PBXFileReference; lastKnownFileType = sourcecode.c.objc; path = main.m; sourceTree = "<group>"; };
		22B89ACC1E69127C00891DF2 /* AppDelegate.h */ = {isa = PBXFileReference; lastKnownFileType = sourcecode.c.h; path = AppDelegate.h; sourceTree = "<group>"; };
		22B89ACD1E69127C00891DF2 /* AppDelegate.m */ = {isa = PBXFileReference; lastKnownFileType = sourcecode.c.objc; path = AppDelegate.m; sourceTree = "<group>"; };
		22B89ACF1E69127C00891DF2 /* ViewController.h */ = {isa = PBXFileReference; lastKnownFileType = sourcecode.c.h; path = ViewController.h; sourceTree = "<group>"; };
		22B89AD01E69127C00891DF2 /* ViewController.m */ = {isa = PBXFileReference; lastKnownFileType = sourcecode.c.objc; path = ViewController.m; sourceTree = "<group>"; };
		22B89AD31E69127C00891DF2 /* Base */ = {isa = PBXFileReference; lastKnownFileType = file.storyboard; name = Base; path = Base.lproj/Main.storyboard; sourceTree = "<group>"; };
		22B89AD51E69127C00891DF2 /* Assets.xcassets */ = {isa = PBXFileReference; lastKnownFileType = folder.assetcatalog; path = Assets.xcassets; sourceTree = "<group>"; };
		22B89AD81E69127C00891DF2 /* Base */ = {isa = PBXFileReference; lastKnownFileType = file.storyboard; name = Base; path = Base.lproj/LaunchScreen.storyboard; sourceTree = "<group>"; };
		22B89ADA1E69127C00891DF2 /* Info.plist */ = {isa = PBXFileReference; lastKnownFileType = text.plist.xml; path = Info.plist; sourceTree = "<group>"; };
		22B89AE01E69151000891DF2 /* p1.jpg */ = {isa = PBXFileReference; lastKnownFileType = image.jpeg; path = p1.jpg; sourceTree = "<group>"; };
		22B89AE11E69151000891DF2 /* p2.jpg */ = {isa = PBXFileReference; lastKnownFileType = image.jpeg; path = p2.jpg; sourceTree = "<group>"; };
		22B89AE21E69151000891DF2 /* p3.jpg */ = {isa = PBXFileReference; lastKnownFileType = image.jpeg; path = p3.jpg; sourceTree = "<group>"; };
		22B89AEA1E69160C00891DF2 /* MKAnnotationView+WebCache.h */ = {isa = PBXFileReference; fileEncoding = 4; lastKnownFileType = sourcecode.c.h; path = "MKAnnotationView+WebCache.h"; sourceTree = "<group>"; };
		22B89AEB1E69160C00891DF2 /* MKAnnotationView+WebCache.m */ = {isa = PBXFileReference; fileEncoding = 4; lastKnownFileType = sourcecode.c.objc; path = "MKAnnotationView+WebCache.m"; sourceTree = "<group>"; };
		22B89AEC1E69160C00891DF2 /* NSData+ImageContentType.h */ = {isa = PBXFileReference; fileEncoding = 4; lastKnownFileType = sourcecode.c.h; path = "NSData+ImageContentType.h"; sourceTree = "<group>"; };
		22B89AED1E69160C00891DF2 /* NSData+ImageContentType.m */ = {isa = PBXFileReference; fileEncoding = 4; lastKnownFileType = sourcecode.c.objc; path = "NSData+ImageContentType.m"; sourceTree = "<group>"; };
		22B89AEE1E69160C00891DF2 /* NSImage+WebCache.h */ = {isa = PBXFileReference; fileEncoding = 4; lastKnownFileType = sourcecode.c.h; path = "NSImage+WebCache.h"; sourceTree = "<group>"; };
		22B89AEF1E69160C00891DF2 /* NSImage+WebCache.m */ = {isa = PBXFileReference; fileEncoding = 4; lastKnownFileType = sourcecode.c.objc; path = "NSImage+WebCache.m"; sourceTree = "<group>"; };
		22B89AF01E69160C00891DF2 /* SDImageCache.h */ = {isa = PBXFileReference; fileEncoding = 4; lastKnownFileType = sourcecode.c.h; path = SDImageCache.h; sourceTree = "<group>"; };
		22B89AF11E69160C00891DF2 /* SDImageCache.m */ = {isa = PBXFileReference; fileEncoding = 4; lastKnownFileType = sourcecode.c.objc; path = SDImageCache.m; sourceTree = "<group>"; };
		22B89AF21E69160C00891DF2 /* SDImageCacheConfig.h */ = {isa = PBXFileReference; fileEncoding = 4; lastKnownFileType = sourcecode.c.h; path = SDImageCacheConfig.h; sourceTree = "<group>"; };
		22B89AF31E69160C00891DF2 /* SDImageCacheConfig.m */ = {isa = PBXFileReference; fileEncoding = 4; lastKnownFileType = sourcecode.c.objc; path = SDImageCacheConfig.m; sourceTree = "<group>"; };
		22B89AF51E69160C00891DF2 /* SDWebImageCompat.h */ = {isa = PBXFileReference; fileEncoding = 4; lastKnownFileType = sourcecode.c.h; path = SDWebImageCompat.h; sourceTree = "<group>"; };
		22B89AF61E69160C00891DF2 /* SDWebImageCompat.m */ = {isa = PBXFileReference; fileEncoding = 4; lastKnownFileType = sourcecode.c.objc; path = SDWebImageCompat.m; sourceTree = "<group>"; };
		22B89AF71E69160C00891DF2 /* SDWebImageDecoder.h */ = {isa = PBXFileReference; fileEncoding = 4; lastKnownFileType = sourcecode.c.h; path = SDWebImageDecoder.h; sourceTree = "<group>"; };
		22B89AF81E69160C00891DF2 /* SDWebImageDecoder.m */ = {isa = PBXFileReference; fileEncoding = 4; lastKnownFileType = sourcecode.c.objc; path = SDWebImageDecoder.m; sourceTree = "<group>"; };
		22B89AF91E69160C00891DF2 /* SDWebImageDownloader.h */ = {isa = PBXFileReference; fileEncoding = 4; lastKnownFileType = sourcecode.c.h; path = SDWebImageDownloader.h; sourceTree = "<group>"; };
		22B89AFA1E69160C00891DF2 /* SDWebImageDownloader.m */ = {isa = PBXFileReference; fileEncoding = 4; lastKnownFileType = sourcecode.c.objc; path = SDWebImageDownloader.m; sourceTree = "<group>"; };
		22B89AFB1E69160C00891DF2 /* SDWebImageDownloaderOperation.h */ = {isa = PBXFileReference; fileEncoding = 4; lastKnownFileType = sourcecode.c.h; path = SDWebImageDownloaderOperation.h; sourceTree = "<group>"; };
		22B89AFC1E69160C00891DF2 /* SDWebImageDownloaderOperation.m */ = {isa = PBXFileReference; fileEncoding = 4; lastKnownFileType = sourcecode.c.objc; path = SDWebImageDownloaderOperation.m; sourceTree = "<group>"; };
		22B89AFD1E69160C00891DF2 /* SDWebImageManager.h */ = {isa = PBXFileReference; fileEncoding = 4; lastKnownFileType = sourcecode.c.h; path = SDWebImageManager.h; sourceTree = "<group>"; };
		22B89AFE1E69160C00891DF2 /* SDWebImageManager.m */ = {isa = PBXFileReference; fileEncoding = 4; lastKnownFileType = sourcecode.c.objc; path = SDWebImageManager.m; sourceTree = "<group>"; };
		22B89AFF1E69160C00891DF2 /* SDWebImageOperation.h */ = {isa = PBXFileReference; fileEncoding = 4; lastKnownFileType = sourcecode.c.h; path = SDWebImageOperation.h; sourceTree = "<group>"; };
		22B89B001E69160C00891DF2 /* SDWebImagePrefetcher.h */ = {isa = PBXFileReference; fileEncoding = 4; lastKnownFileType = sourcecode.c.h; path = SDWebImagePrefetcher.h; sourceTree = "<group>"; };
		22B89B011E69160C00891DF2 /* SDWebImagePrefetcher.m */ = {isa = PBXFileReference; fileEncoding = 4; lastKnownFileType = sourcecode.c.objc; path = SDWebImagePrefetcher.m; sourceTree = "<group>"; };
		22B89B021E69160C00891DF2 /* UIButton+WebCache.h */ = {isa = PBXFileReference; fileEncoding = 4; lastKnownFileType = sourcecode.c.h; path = "UIButton+WebCache.h"; sourceTree = "<group>"; };
		22B89B031E69160C00891DF2 /* UIButton+WebCache.m */ = {isa = PBXFileReference; fileEncoding = 4; lastKnownFileType = sourcecode.c.objc; path = "UIButton+WebCache.m"; sourceTree = "<group>"; };
		22B89B041E69160C00891DF2 /* UIImage+GIF.h */ = {isa = PBXFileReference; fileEncoding = 4; lastKnownFileType = sourcecode.c.h; path = "UIImage+GIF.h"; sourceTree = "<group>"; };
		22B89B051E69160C00891DF2 /* UIImage+GIF.m */ = {isa = PBXFileReference; fileEncoding = 4; lastKnownFileType = sourcecode.c.objc; path = "UIImage+GIF.m"; sourceTree = "<group>"; };
		22B89B061E69160C00891DF2 /* UIImage+MultiFormat.h */ = {isa = PBXFileReference; fileEncoding = 4; lastKnownFileType = sourcecode.c.h; path = "UIImage+MultiFormat.h"; sourceTree = "<group>"; };
		22B89B071E69160C00891DF2 /* UIImage+MultiFormat.m */ = {isa = PBXFileReference; fileEncoding = 4; lastKnownFileType = sourcecode.c.objc; path = "UIImage+MultiFormat.m"; sourceTree = "<group>"; };
		22B89B081E69160C00891DF2 /* UIImage+WebP.h */ = {isa = PBXFileReference; fileEncoding = 4; lastKnownFileType = sourcecode.c.h; path = "UIImage+WebP.h"; sourceTree = "<group>"; };
		22B89B091E69160C00891DF2 /* UIImage+WebP.m */ = {isa = PBXFileReference; fileEncoding = 4; lastKnownFileType = sourcecode.c.objc; path = "UIImage+WebP.m"; sourceTree = "<group>"; };
		22B89B0A1E69160C00891DF2 /* UIImageView+HighlightedWebCache.h */ = {isa = PBXFileReference; fileEncoding = 4; lastKnownFileType = sourcecode.c.h; path = "UIImageView+HighlightedWebCache.h"; sourceTree = "<group>"; };
		22B89B0B1E69160C00891DF2 /* UIImageView+HighlightedWebCache.m */ = {isa = PBXFileReference; fileEncoding = 4; lastKnownFileType = sourcecode.c.objc; path = "UIImageView+HighlightedWebCache.m"; sourceTree = "<group>"; };
		22B89B0C1E69160C00891DF2 /* UIImageView+WebCache.h */ = {isa = PBXFileReference; fileEncoding = 4; lastKnownFileType = sourcecode.c.h; path = "UIImageView+WebCache.h"; sourceTree = "<group>"; };
		22B89B0D1E69160C00891DF2 /* UIImageView+WebCache.m */ = {isa = PBXFileReference; fileEncoding = 4; lastKnownFileType = sourcecode.c.objc; path = "UIImageView+WebCache.m"; sourceTree = "<group>"; };
		22B89B0E1E69160C00891DF2 /* UIView+WebCache.h */ = {isa = PBXFileReference; fileEncoding = 4; lastKnownFileType = sourcecode.c.h; path = "UIView+WebCache.h"; sourceTree = "<group>"; };
		22B89B0F1E69160C00891DF2 /* UIView+WebCache.m */ = {isa = PBXFileReference; fileEncoding = 4; lastKnownFileType = sourcecode.c.objc; path = "UIView+WebCache.m"; sourceTree = "<group>"; };
		22B89B101E69160C00891DF2 /* UIView+WebCacheOperation.h */ = {isa = PBXFileReference; fileEncoding = 4; lastKnownFileType = sourcecode.c.h; path = "UIView+WebCacheOperation.h"; sourceTree = "<group>"; };
		22B89B111E69160C00891DF2 /* UIView+WebCacheOperation.m */ = {isa = PBXFileReference; fileEncoding = 4; lastKnownFileType = sourcecode.c.objc; path = "UIView+WebCacheOperation.m"; sourceTree = "<group>"; };
		22B89B271E69164700891DF2 /* RunView.h */ = {isa = PBXFileReference; fileEncoding = 4; lastKnownFileType = sourcecode.c.h; path = RunView.h; sourceTree = "<group>"; };
		22B89B281E69164700891DF2 /* RunView.m */ = {isa = PBXFileReference; fileEncoding = 4; lastKnownFileType = sourcecode.c.objc; path = RunView.m; sourceTree = "<group>"; };
		22B89B2A1E6916A200891DF2 /* NSTimer+Additions.h */ = {isa = PBXFileReference; fileEncoding = 4; lastKnownFileType = sourcecode.c.h; path = "NSTimer+Additions.h"; sourceTree = "<group>"; };
		22B89B2B1E6916A200891DF2 /* NSTimer+Additions.m */ = {isa = PBXFileReference; fileEncoding = 4; lastKnownFileType = sourcecode.c.objc; path = "NSTimer+Additions.m"; sourceTree = "<group>"; };
/* End PBXFileReference section */

/* Begin PBXFrameworksBuildPhase section */
		22B89AC31E69127C00891DF2 /* Frameworks */ = {
			isa = PBXFrameworksBuildPhase;
			buildActionMask = 2147483647;
			files = (
			);
			runOnlyForDeploymentPostprocessing = 0;
		};
/* End PBXFrameworksBuildPhase section */

/* Begin PBXGroup section */
		22B89ABD1E69127C00891DF2 = {
			isa = PBXGroup;
			children = (
				22B89AC81E69127C00891DF2 /* RunView */,
				22B89AC71E69127C00891DF2 /* Products */,
			);
			sourceTree = "<group>";
		};
		22B89AC71E69127C00891DF2 /* Products */ = {
			isa = PBXGroup;
			children = (
				22B89AC61E69127C00891DF2 /* RunView.app */,
			);
			name = Products;
			sourceTree = "<group>";
		};
		22B89AC81E69127C00891DF2 /* RunView */ = {
			isa = PBXGroup;
			children = (
				22B89B261E69163400891DF2 /* RunView */,
				22B89AE61E69160C00891DF2 /* SDWebImage */,
				22B89AE01E69151000891DF2 /* p1.jpg */,
				22B89AE11E69151000891DF2 /* p2.jpg */,
				22B89AE21E69151000891DF2 /* p3.jpg */,
				22B89ACC1E69127C00891DF2 /* AppDelegate.h */,
				22B89ACD1E69127C00891DF2 /* AppDelegate.m */,
				22B89ACF1E69127C00891DF2 /* ViewController.h */,
				22B89AD01E69127C00891DF2 /* ViewController.m */,
				22B89AD21E69127C00891DF2 /* Main.storyboard */,
				22B89AD51E69127C00891DF2 /* Assets.xcassets */,
				22B89AD71E69127C00891DF2 /* LaunchScreen.storyboard */,
				22B89ADA1E69127C00891DF2 /* Info.plist */,
				22B89AC91E69127C00891DF2 /* Supporting Files */,
			);
			path = RunView;
			sourceTree = "<group>";
		};
		22B89AC91E69127C00891DF2 /* Supporting Files */ = {
			isa = PBXGroup;
			children = (
				22B89ACA1E69127C00891DF2 /* main.m */,
			);
			name = "Supporting Files";
			sourceTree = "<group>";
		};
		22B89AE61E69160C00891DF2 /* SDWebImage */ = {
			isa = PBXGroup;
			children = (
				22B89AEA1E69160C00891DF2 /* MKAnnotationView+WebCache.h */,
				22B89AEB1E69160C00891DF2 /* MKAnnotationView+WebCache.m */,
				22B89AEC1E69160C00891DF2 /* NSData+ImageContentType.h */,
				22B89AED1E69160C00891DF2 /* NSData+ImageContentType.m */,
				22B89AEE1E69160C00891DF2 /* NSImage+WebCache.h */,
				22B89AEF1E69160C00891DF2 /* NSImage+WebCache.m */,
				22B89AF01E69160C00891DF2 /* SDImageCache.h */,
				22B89AF11E69160C00891DF2 /* SDImageCache.m */,
				22B89AF21E69160C00891DF2 /* SDImageCacheConfig.h */,
				22B89AF31E69160C00891DF2 /* SDImageCacheConfig.m */,
				22B89AF51E69160C00891DF2 /* SDWebImageCompat.h */,
				22B89AF61E69160C00891DF2 /* SDWebImageCompat.m */,
				22B89AF71E69160C00891DF2 /* SDWebImageDecoder.h */,
				22B89AF81E69160C00891DF2 /* SDWebImageDecoder.m */,
				22B89AF91E69160C00891DF2 /* SDWebImageDownloader.h */,
				22B89AFA1E69160C00891DF2 /* SDWebImageDownloader.m */,
				22B89AFB1E69160C00891DF2 /* SDWebImageDownloaderOperation.h */,
				22B89AFC1E69160C00891DF2 /* SDWebImageDownloaderOperation.m */,
				22B89AFD1E69160C00891DF2 /* SDWebImageManager.h */,
				22B89AFE1E69160C00891DF2 /* SDWebImageManager.m */,
				22B89AFF1E69160C00891DF2 /* SDWebImageOperation.h */,
				22B89B001E69160C00891DF2 /* SDWebImagePrefetcher.h */,
				22B89B011E69160C00891DF2 /* SDWebImagePrefetcher.m */,
				22B89B021E69160C00891DF2 /* UIButton+WebCache.h */,
				22B89B031E69160C00891DF2 /* UIButton+WebCache.m */,
				22B89B041E69160C00891DF2 /* UIImage+GIF.h */,
				22B89B051E69160C00891DF2 /* UIImage+GIF.m */,
				22B89B061E69160C00891DF2 /* UIImage+MultiFormat.h */,
				22B89B071E69160C00891DF2 /* UIImage+MultiFormat.m */,
				22B89B081E69160C00891DF2 /* UIImage+WebP.h */,
				22B89B091E69160C00891DF2 /* UIImage+WebP.m */,
				22B89B0A1E69160C00891DF2 /* UIImageView+HighlightedWebCache.h */,
				22B89B0B1E69160C00891DF2 /* UIImageView+HighlightedWebCache.m */,
				22B89B0C1E69160C00891DF2 /* UIImageView+WebCache.h */,
				22B89B0D1E69160C00891DF2 /* UIImageView+WebCache.m */,
				22B89B0E1E69160C00891DF2 /* UIView+WebCache.h */,
				22B89B0F1E69160C00891DF2 /* UIView+WebCache.m */,
				22B89B101E69160C00891DF2 /* UIView+WebCacheOperation.h */,
				22B89B111E69160C00891DF2 /* UIView+WebCacheOperation.m */,
			);
			path = SDWebImage;
			sourceTree = "<group>";
		};
		22B89B261E69163400891DF2 /* RunView */ = {
			isa = PBXGroup;
			children = (
				22B89B2A1E6916A200891DF2 /* NSTimer+Additions.h */,
				22B89B2B1E6916A200891DF2 /* NSTimer+Additions.m */,
				22B89B271E69164700891DF2 /* RunView.h */,
				22B89B281E69164700891DF2 /* RunView.m */,
			);
			path = RunView;
			sourceTree = "<group>";
		};
/* End PBXGroup section */

/* Begin PBXNativeTarget section */
		22B89AC51E69127C00891DF2 /* RunView */ = {
			isa = PBXNativeTarget;
			buildConfigurationList = 22B89ADD1E69127C00891DF2 /* Build configuration list for PBXNativeTarget "RunView" */;
			buildPhases = (
				22B89AC21E69127C00891DF2 /* Sources */,
				22B89AC31E69127C00891DF2 /* Frameworks */,
				22B89AC41E69127C00891DF2 /* Resources */,
			);
			buildRules = (
			);
			dependencies = (
			);
			name = RunView;
			productName = RunView;
			productReference = 22B89AC61E69127C00891DF2 /* RunView.app */;
			productType = "com.apple.product-type.application";
		};
/* End PBXNativeTarget section */

/* Begin PBXProject section */
		22B89ABE1E69127C00891DF2 /* Project object */ = {
			isa = PBXProject;
			attributes = {
				LastUpgradeCheck = 0810;
				ORGANIZATIONNAME = LiuMingHui;
				TargetAttributes = {
					22B89AC51E69127C00891DF2 = {
						CreatedOnToolsVersion = 8.1;
						ProvisioningStyle = Automatic;
					};
				};
			};
			buildConfigurationList = 22B89AC11E69127C00891DF2 /* Build configuration list for PBXProject "RunView" */;
			compatibilityVersion = "Xcode 3.2";
			developmentRegion = English;
			hasScannedForEncodings = 0;
			knownRegions = (
				en,
				Base,
			);
			mainGroup = 22B89ABD1E69127C00891DF2;
			productRefGroup = 22B89AC71E69127C00891DF2 /* Products */;
			projectDirPath = "";
			projectRoot = "";
			targets = (
				22B89AC51E69127C00891DF2 /* RunView */,
			);
		};
/* End PBXProject section */

/* Begin PBXResourcesBuildPhase section */
		22B89AC41E69127C00891DF2 /* Resources */ = {
			isa = PBXResourcesBuildPhase;
			buildActionMask = 2147483647;
			files = (
				22B89AE51E69151000891DF2 /* p3.jpg in Resources */,
				22B89AD91E69127C00891DF2 /* LaunchScreen.storyboard in Resources */,
				22B89AE31E69151000891DF2 /* p1.jpg in Resources */,
				22B89AE41E69151000891DF2 /* p2.jpg in Resources */,
				22B89AD61E69127C00891DF2 /* Assets.xcassets in Resources */,
				22B89AD41E69127C00891DF2 /* Main.storyboard in Resources */,
			);
			runOnlyForDeploymentPostprocessing = 0;
		};
/* End PBXResourcesBuildPhase section */

/* Begin PBXSourcesBuildPhase section */
		22B89AC21E69127C00891DF2 /* Sources */ = {
			isa = PBXSourcesBuildPhase;
			buildActionMask = 2147483647;
			files = (
				22B89B241E69160C00891DF2 /* UIView+WebCache.m in Sources */,
				22B89AD11E69127C00891DF2 /* ViewController.m in Sources */,
				22B89B1C1E69160C00891DF2 /* SDWebImageManager.m in Sources */,
				22B89B171E69160C00891DF2 /* SDImageCacheConfig.m in Sources */,
				22B89B1B1E69160C00891DF2 /* SDWebImageDownloaderOperation.m in Sources */,
				22B89B151E69160C00891DF2 /* NSImage+WebCache.m in Sources */,
				22B89B1E1E69160C00891DF2 /* UIButton+WebCache.m in Sources */,
				22B89B251E69160C00891DF2 /* UIView+WebCacheOperation.m in Sources */,
				22B89B291E69164700891DF2 /* RunView.m in Sources */,
				22B89B1D1E69160C00891DF2 /* SDWebImagePrefetcher.m in Sources */,
				22B89B2C1E6916A200891DF2 /* NSTimer+Additions.m in Sources */,
				22B89B1A1E69160C00891DF2 /* SDWebImageDownloader.m in Sources */,
				22B89ACE1E69127C00891DF2 /* AppDelegate.m in Sources */,
				22B89B211E69160C00891DF2 /* UIImage+WebP.m in Sources */,
				22B89B231E69160C00891DF2 /* UIImageView+WebCache.m in Sources */,
				22B89B191E69160C00891DF2 /* SDWebImageDecoder.m in Sources */,
				22B89B131E69160C00891DF2 /* MKAnnotationView+WebCache.m in Sources */,
				22B89B141E69160C00891DF2 /* NSData+ImageContentType.m in Sources */,
				22B89B181E69160C00891DF2 /* SDWebImageCompat.m in Sources */,
				22B89ACB1E69127C00891DF2 /* main.m in Sources */,
				22B89B161E69160C00891DF2 /* SDImageCache.m in Sources */,
				22B89B201E69160C00891DF2 /* UIImage+MultiFormat.m in Sources */,
				22B89B221E69160C00891DF2 /* UIImageView+HighlightedWebCache.m in Sources */,
				22B89B1F1E69160C00891DF2 /* UIImage+GIF.m in Sources */,
			);
			runOnlyForDeploymentPostprocessing = 0;
		};
/* End PBXSourcesBuildPhase section */

/* Begin PBXVariantGroup section */
		22B89AD21E69127C00891DF2 /* Main.storyboard */ = {
			isa = PBXVariantGroup;
			children = (
				22B89AD31E69127C00891DF2 /* Base */,
			);
			name = Main.storyboard;
			sourceTree = "<group>";
		};
		22B89AD71E69127C00891DF2 /* LaunchScreen.storyboard */ = {
			isa = PBXVariantGroup;
			children = (
				22B89AD81E69127C00891DF2 /* Base */,
			);
			name = LaunchScreen.storyboard;
			sourceTree = "<group>";
		};
/* End PBXVariantGroup section */

/* Begin XCBuildConfiguration section */
		22B89ADB1E69127C00891DF2 /* Debug */ = {
			isa = XCBuildConfiguration;
			buildSettings = {
				ALWAYS_SEARCH_USER_PATHS = NO;
				CLANG_ANALYZER_NONNULL = YES;
				CLANG_CXX_LANGUAGE_STANDARD = "gnu++0x";
				CLANG_CXX_LIBRARY = "libc++";
				CLANG_ENABLE_MODULES = YES;
				CLANG_ENABLE_OBJC_ARC = YES;
				CLANG_WARN_BOOL_CONVERSION = YES;
				CLANG_WARN_CONSTANT_CONVERSION = YES;
				CLANG_WARN_DIRECT_OBJC_ISA_USAGE = YES_ERROR;
				CLANG_WARN_DOCUMENTATION_COMMENTS = YES;
				CLANG_WARN_EMPTY_BODY = YES;
				CLANG_WARN_ENUM_CONVERSION = YES;
				CLANG_WARN_INFINITE_RECURSION = YES;
				CLANG_WARN_INT_CONVERSION = YES;
				CLANG_WARN_OBJC_ROOT_CLASS = YES_ERROR;
				CLANG_WARN_SUSPICIOUS_MOVES = YES;
				CLANG_WARN_UNREACHABLE_CODE = YES;
				CLANG_WARN__DUPLICATE_METHOD_MATCH = YES;
				"CODE_SIGN_IDENTITY[sdk=iphoneos*]" = "iPhone Developer";
				COPY_PHASE_STRIP = NO;
				DEBUG_INFORMATION_FORMAT = dwarf;
				ENABLE_STRICT_OBJC_MSGSEND = YES;
				ENABLE_TESTABILITY = YES;
				GCC_C_LANGUAGE_STANDARD = gnu99;
				GCC_DYNAMIC_NO_PIC = NO;
				GCC_NO_COMMON_BLOCKS = YES;
				GCC_OPTIMIZATION_LEVEL = 0;
				GCC_PREPROCESSOR_DEFINITIONS = (
					"DEBUG=1",
					"$(inherited)",
				);
				GCC_WARN_64_TO_32_BIT_CONVERSION = YES;
				GCC_WARN_ABOUT_RETURN_TYPE = YES_ERROR;
				GCC_WARN_UNDECLARED_SELECTOR = YES;
				GCC_WARN_UNINITIALIZED_AUTOS = YES_AGGRESSIVE;
				GCC_WARN_UNUSED_FUNCTION = YES;
				GCC_WARN_UNUSED_VARIABLE = YES;
				IPHONEOS_DEPLOYMENT_TARGET = 10.1;
				MTL_ENABLE_DEBUG_INFO = YES;
				ONLY_ACTIVE_ARCH = YES;
				SDKROOT = iphoneos;
			};
			name = Debug;
		};
		22B89ADC1E69127C00891DF2 /* Release */ = {
			isa = XCBuildConfiguration;
			buildSettings = {
				ALWAYS_SEARCH_USER_PATHS = NO;
				CLANG_ANALYZER_NONNULL = YES;
				CLANG_CXX_LANGUAGE_STANDARD = "gnu++0x";
				CLANG_CXX_LIBRARY = "libc++";
				CLANG_ENABLE_MODULES = YES;
				CLANG_ENABLE_OBJC_ARC = YES;
				CLANG_WARN_BOOL_CONVERSION = YES;
				CLANG_WARN_CONSTANT_CONVERSION = YES;
				CLANG_WARN_DIRECT_OBJC_ISA_USAGE = YES_ERROR;
				CLANG_WARN_DOCUMENTATION_COMMENTS = YES;
				CLANG_WARN_EMPTY_BODY = YES;
				CLANG_WARN_ENUM_CONVERSION = YES;
				CLANG_WARN_INFINITE_RECURSION = YES;
				CLANG_WARN_INT_CONVERSION = YES;
				CLANG_WARN_OBJC_ROOT_CLASS = YES_ERROR;
				CLANG_WARN_SUSPICIOUS_MOVES = YES;
				CLANG_WARN_UNREACHABLE_CODE = YES;
				CLANG_WARN__DUPLICATE_METHOD_MATCH = YES;
				"CODE_SIGN_IDENTITY[sdk=iphoneos*]" = "iPhone Developer";
				COPY_PHASE_STRIP = NO;
				DEBUG_INFORMATION_FORMAT = "dwarf-with-dsym";
				ENABLE_NS_ASSERTIONS = NO;
				ENABLE_STRICT_OBJC_MSGSEND = YES;
				GCC_C_LANGUAGE_STANDARD = gnu99;
				GCC_NO_COMMON_BLOCKS = YES;
				GCC_WARN_64_TO_32_BIT_CONVERSION = YES;
				GCC_WARN_ABOUT_RETURN_TYPE = YES_ERROR;
				GCC_WARN_UNDECLARED_SELECTOR = YES;
				GCC_WARN_UNINITIALIZED_AUTOS = YES_AGGRESSIVE;
				GCC_WARN_UNUSED_FUNCTION = YES;
				GCC_WARN_UNUSED_VARIABLE = YES;
				IPHONEOS_DEPLOYMENT_TARGET = 10.1;
				MTL_ENABLE_DEBUG_INFO = NO;
				SDKROOT = iphoneos;
				VALIDATE_PRODUCT = YES;
			};
			name = Release;
		};
		22B89ADE1E69127C00891DF2 /* Debug */ = {
			isa = XCBuildConfiguration;
			buildSettings = {
				ASSETCATALOG_COMPILER_APPICON_NAME = AppIcon;
				INFOPLIST_FILE = RunView/Info.plist;
				IPHONEOS_DEPLOYMENT_TARGET = 8.0;
				LD_RUNPATH_SEARCH_PATHS = "$(inherited) @executable_path/Frameworks";
				PRODUCT_BUNDLE_IDENTIFIER = org.fish8.RunView;
				PRODUCT_NAME = "$(TARGET_NAME)";
			};
			name = Debug;
		};
		22B89ADF1E69127C00891DF2 /* Release */ = {
			isa = XCBuildConfiguration;
			buildSettings = {
				ASSETCATALOG_COMPILER_APPICON_NAME = AppIcon;
				INFOPLIST_FILE = RunView/Info.plist;
				IPHONEOS_DEPLOYMENT_TARGET = 8.0;
				LD_RUNPATH_SEARCH_PATHS = "$(inherited) @executable_path/Frameworks";
				PRODUCT_BUNDLE_IDENTIFIER = org.fish8.RunView;
				PRODUCT_NAME = "$(TARGET_NAME)";
			};
			name = Release;
		};
/* End XCBuildConfiguration section */

/* Begin XCConfigurationList section */
		22B89AC11E69127C00891DF2 /* Build configuration list for PBXProject "RunView" */ = {
			isa = XCConfigurationList;
			buildConfigurations = (
				22B89ADB1E69127C00891DF2 /* Debug */,
				22B89ADC1E69127C00891DF2 /* Release */,
			);
			defaultConfigurationIsVisible = 0;
			defaultConfigurationName = Release;
		};
		22B89ADD1E69127C00891DF2 /* Build configuration list for PBXNativeTarget "RunView" */ = {
			isa = XCConfigurationList;
			buildConfigurations = (
				22B89ADE1E69127C00891DF2 /* Debug */,
				22B89ADF1E69127C00891DF2 /* Release */,
			);
			defaultConfigurationIsVisible = 0;
		};
/* End XCConfigurationList section */
	};
	rootObject = 22B89ABE1E69127C00891DF2 /* Project object */;
}
